
Microsoft Visual Studio Solution File, Format Version 12.00
Project("{FAE04EC0-301F-11D3-BF4B-00C04F79EFBC}") = "Tests", "Tests\Tests.csproj", "{B1E6E546-51D5-4BF8-B79C-CBD7ACE3A557}"
EndProject
Project("{FAE04EC0-301F-11D3-BF4B-00C04F79EFBC}") = "DataAccess", "DataAccess\DataAccess.csproj", "{9F7574E9-9C59-4CD6-8BF5-8C44764C1922}"
EndProject
Project("{FAE04EC0-301F-11D3-BF4B-00C04F79EFBC}") = "Calculator", "Calculator\Calculator.csproj", "{2FB2F0AA-9D03-49BA-B913-7DC65251CE04}"
EndProject
Global
	GlobalSection(SolutionConfigurationPlatforms) = preSolution
		Debug|Any CPU = Debug|Any CPU
		Release|Any CPU = Release|Any CPU
	EndGlobalSection
	GlobalSection(ProjectConfigurationPlatforms) = postSolution
		{B1E6E546-51D5-4BF8-B79C-CBD7ACE3A557}.Debug|Any CPU.ActiveCfg = Debug|Any CPU
		{B1E6E546-51D5-4BF8-B79C-CBD7ACE3A557}.Debug|Any CPU.Build.0 = Debug|Any CPU
		{B1E6E546-51D5-4BF8-B79C-CBD7ACE3A557}.Release|Any CPU.ActiveCfg = Release|Any CPU
		{B1E6E546-51D5-4BF8-B79C-CBD7ACE3A557}.Release|Any CPU.Build.0 = Release|Any CPU
		{9F7574E9-9C59-4CD6-8BF5-8C44764C1922}.Debug|Any CPU.ActiveCfg = Debug|Any CPU
		{9F7574E9-9C59-4CD6-8BF5-8C44764C1922}.Debug|Any CPU.Build.0 = Debug|Any CPU
		{9F7574E9-9C59-4CD6-8BF5-8C44764C1922}.Release|Any CPU.ActiveCfg = Release|Any CPU
		{9F7574E9-9C59-4CD6-8BF5-8C44764C1922}.Release|Any CPU.Build.0 = Release|Any CPU
		{2FB2F0AA-9D03-49BA-B913-7DC65251CE04}.Debug|Any CPU.ActiveCfg = Debug|Any CPU
		{2FB2F0AA-9D03-49BA-B913-7DC65251CE04}.Debug|Any CPU.Build.0 = Debug|Any CPU
		{2FB2F0AA-9D03-49BA-B913-7DC65251CE04}.Release|Any CPU.ActiveCfg = Release|Any CPU
		{2FB2F0AA-9D03-49BA-B913-7DC65251CE04}.Release|Any CPU.Build.0 = Release|Any CPU
	EndGlobalSection
EndGlobal
